// !$*UTF8*$!
{
	archiveVersion = 1;
	classes = {
	};
	objectVersion = 46;
	objects = {

/* Begin PBXBuildFile section */
		471FC8256573EAF93CECA129 /* libPods-BRStyle-BRStyleTests.a in Frameworks */ = {isa = PBXBuildFile; fileRef = CF8520217BB38401BF8B86A7 /* libPods-BRStyle-BRStyleTests.a */; };
		C91BBE3C1B8E9019008E5D60 /* BRUIStyleTests.m in Sources */ = {isa = PBXBuildFile; fileRef = C91BBE3B1B8E9019008E5D60 /* BRUIStyleTests.m */; };
		C91BBE3E1B8EA338008E5D60 /* style.json in Resources */ = {isa = PBXBuildFile; fileRef = C91BBE3D1B8EA338008E5D60 /* style.json */; };
		C93ABE5B1B8BC65100202CA9 /* libBRStyle.a in Frameworks */ = {isa = PBXBuildFile; fileRef = C93ABE4F1B8BC65100202CA9 /* libBRStyle.a */; };
		C93ABE811B8BCA1C00202CA9 /* BRUIStyle.m in Sources */ = {isa = PBXBuildFile; fileRef = C93ABE791B8BCA1C00202CA9 /* BRUIStyle.m */; };
		C93ABE821B8BCA1C00202CA9 /* BRUIStyleObserver.m in Sources */ = {isa = PBXBuildFile; fileRef = C93ABE7B1B8BCA1C00202CA9 /* BRUIStyleObserver.m */; };
		C93ABE831B8BCA1C00202CA9 /* UIView+BRUIStyle.m in Sources */ = {isa = PBXBuildFile; fileRef = C93ABE7E1B8BCA1C00202CA9 /* UIView+BRUIStyle.m */; };
		C93ABE841B8BCA1C00202CA9 /* UIViewController+BRUIStyle.m in Sources */ = {isa = PBXBuildFile; fileRef = C93ABE801B8BCA1C00202CA9 /* UIViewController+BRUIStyle.m */; };
		C93ABE9B1B8BD41200202CA9 /* MobileCoreServices.framework in Frameworks */ = {isa = PBXBuildFile; fileRef = C93ABE991B8BD3DB00202CA9 /* MobileCoreServices.framework */; };
		C93ABEF11B8BFE0A00202CA9 /* UIBarButtonItem+BRUIStyle.m in Sources */ = {isa = PBXBuildFile; fileRef = C93ABEF01B8BFE0A00202CA9 /* UIBarButtonItem+BRUIStyle.m */; };
		C93ABEF41B8C067000202CA9 /* NSObject+BRUIStyle.m in Sources */ = {isa = PBXBuildFile; fileRef = C93ABEF31B8C067000202CA9 /* NSObject+BRUIStyle.m */; };
		C93ABEFC1B8C0F9100202CA9 /* UIBarButtonItem+BRUIStylishHost.m in Sources */ = {isa = PBXBuildFile; fileRef = C93ABEFB1B8C0F9100202CA9 /* UIBarButtonItem+BRUIStylishHost.m */; };
		C93ABF031B8C14C400202CA9 /* UIToolbar+BRUIStylishHost.m in Sources */ = {isa = PBXBuildFile; fileRef = C93ABEFF1B8C14C400202CA9 /* UIToolbar+BRUIStylishHost.m */; };
		C93ABF041B8C14C400202CA9 /* UINavigationBar+BRUIStylishHost.m in Sources */ = {isa = PBXBuildFile; fileRef = C93ABF021B8C14C400202CA9 /* UINavigationBar+BRUIStylishHost.m */; };
		C93ABF091B8C169C00202CA9 /* UIButton+BRUIStylishHost.m in Sources */ = {isa = PBXBuildFile; fileRef = C93ABF081B8C169C00202CA9 /* UIButton+BRUIStylishHost.m */; };
		C9C5D1271B8FB25900FAF431 /* UIFont+BRUIStyle.m in Sources */ = {isa = PBXBuildFile; fileRef = C9C5D1261B8FB25900FAF431 /* UIFont+BRUIStyle.m */; };
		C9C5D1291B8FC25900FAF431 /* UIFont_BRUIStyleTests.m in Sources */ = {isa = PBXBuildFile; fileRef = C9C5D1281B8FC25900FAF431 /* UIFont_BRUIStyleTests.m */; };
		C9DC16C31B8D11C300F5C6C3 /* BRUIStyleSettings.m in Sources */ = {isa = PBXBuildFile; fileRef = C9DC16C21B8D11C300F5C6C3 /* BRUIStyleSettings.m */; };
		C9DC16C71B8D7CE500F5C6C3 /* BRUIStyleSettingsTests.m in Sources */ = {isa = PBXBuildFile; fileRef = C9DC16C61B8D7CE500F5C6C3 /* BRUIStyleSettingsTests.m */; };
		C9ED4FDB1BA22967000A50FD /* BRUIStyleObserverTests.m in Sources */ = {isa = PBXBuildFile; fileRef = C9ED4FDA1BA22967000A50FD /* BRUIStyleObserverTests.m */; };
/* End PBXBuildFile section */

/* Begin PBXContainerItemProxy section */
		C93ABE5C1B8BC65100202CA9 /* PBXContainerItemProxy */ = {
			isa = PBXContainerItemProxy;
			containerPortal = C93ABE471B8BC65100202CA9 /* Project object */;
			proxyType = 1;
			remoteGlobalIDString = C93ABE4E1B8BC65100202CA9;
			remoteInfo = BRStyle;
		};
/* End PBXContainerItemProxy section */

/* Begin PBXCopyFilesBuildPhase section */
		C93ABE4D1B8BC65100202CA9 /* CopyFiles */ = {
			isa = PBXCopyFilesBuildPhase;
			buildActionMask = 2147483647;
			dstPath = "include/$(PRODUCT_NAME)";
			dstSubfolderSpec = 16;
			files = (
			);
			runOnlyForDeploymentPostprocessing = 0;
		};
/* End PBXCopyFilesBuildPhase section */

/* Begin PBXFileReference section */
		23359DD70EE4F0C6C9CF6DB5 /* libPods-BRStyle.a */ = {isa = PBXFileReference; explicitFileType = archive.ar; includeInIndex = 0; path = "libPods-BRStyle.a"; sourceTree = BUILT_PRODUCTS_DIR; };
		3E7F28E36B7AFD4CE81898FD /* Pods-BRStyle-BRStyleTests.debug.xcconfig */ = {isa = PBXFileReference; includeInIndex = 1; lastKnownFileType = text.xcconfig; name = "Pods-BRStyle-BRStyleTests.debug.xcconfig"; path = "Pods/Target Support Files/Pods-BRStyle-BRStyleTests/Pods-BRStyle-BRStyleTests.debug.xcconfig"; sourceTree = "<group>"; };
		A54C20481DC5313558E807D0 /* Pods-BRStyle-BRStyleTests.release.xcconfig */ = {isa = PBXFileReference; includeInIndex = 1; lastKnownFileType = text.xcconfig; name = "Pods-BRStyle-BRStyleTests.release.xcconfig"; path = "Pods/Target Support Files/Pods-BRStyle-BRStyleTests/Pods-BRStyle-BRStyleTests.release.xcconfig"; sourceTree = "<group>"; };
		C91BBE3B1B8E9019008E5D60 /* BRUIStyleTests.m */ = {isa = PBXFileReference; fileEncoding = 4; lastKnownFileType = sourcecode.c.objc; path = BRUIStyleTests.m; sourceTree = "<group>"; };
		C91BBE3D1B8EA338008E5D60 /* style.json */ = {isa = PBXFileReference; fileEncoding = 4; lastKnownFileType = text.json; path = style.json; sourceTree = "<group>"; };
		C93ABE4F1B8BC65100202CA9 /* libBRStyle.a */ = {isa = PBXFileReference; explicitFileType = archive.ar; includeInIndex = 0; path = libBRStyle.a; sourceTree = BUILT_PRODUCTS_DIR; };
		C93ABE5A1B8BC65100202CA9 /* BRStyleTests.xctest */ = {isa = PBXFileReference; explicitFileType = wrapper.cfbundle; includeInIndex = 0; path = BRStyleTests.xctest; sourceTree = BUILT_PRODUCTS_DIR; };
		C93ABE601B8BC65100202CA9 /* Info.plist */ = {isa = PBXFileReference; lastKnownFileType = text.plist.xml; path = Info.plist; sourceTree = "<group>"; };
		C93ABE781B8BCA1C00202CA9 /* BRUIStyle.h */ = {isa = PBXFileReference; fileEncoding = 4; lastKnownFileType = sourcecode.c.h; path = BRUIStyle.h; sourceTree = "<group>"; };
		C93ABE791B8BCA1C00202CA9 /* BRUIStyle.m */ = {isa = PBXFileReference; fileEncoding = 4; lastKnownFileType = sourcecode.c.objc; path = BRUIStyle.m; sourceTree = "<group>"; };
		C93ABE7A1B8BCA1C00202CA9 /* BRUIStyleObserver.h */ = {isa = PBXFileReference; fileEncoding = 4; lastKnownFileType = sourcecode.c.h; path = BRUIStyleObserver.h; sourceTree = "<group>"; };
		C93ABE7B1B8BCA1C00202CA9 /* BRUIStyleObserver.m */ = {isa = PBXFileReference; fileEncoding = 4; lastKnownFileType = sourcecode.c.objc; path = BRUIStyleObserver.m; sourceTree = "<group>"; };
		C93ABE7C1B8BCA1C00202CA9 /* BRUIStylishHost.h */ = {isa = PBXFileReference; fileEncoding = 4; lastKnownFileType = sourcecode.c.h; path = BRUIStylishHost.h; sourceTree = "<group>"; };
		C93ABE7D1B8BCA1C00202CA9 /* UIView+BRUIStyle.h */ = {isa = PBXFileReference; fileEncoding = 4; lastKnownFileType = sourcecode.c.h; path = "UIView+BRUIStyle.h"; sourceTree = "<group>"; };
		C93ABE7E1B8BCA1C00202CA9 /* UIView+BRUIStyle.m */ = {isa = PBXFileReference; fileEncoding = 4; lastKnownFileType = sourcecode.c.objc; path = "UIView+BRUIStyle.m"; sourceTree = "<group>"; };
		C93ABE7F1B8BCA1C00202CA9 /* UIViewController+BRUIStyle.h */ = {isa = PBXFileReference; fileEncoding = 4; lastKnownFileType = sourcecode.c.h; path = "UIViewController+BRUIStyle.h"; sourceTree = "<group>"; };
		C93ABE801B8BCA1C00202CA9 /* UIViewController+BRUIStyle.m */ = {isa = PBXFileReference; fileEncoding = 4; lastKnownFileType = sourcecode.c.objc; path = "UIViewController+BRUIStyle.m"; sourceTree = "<group>"; };
		C93ABE891B8BD0D400202CA9 /* BRStyle.h */ = {isa = PBXFileReference; lastKnownFileType = sourcecode.c.h; name = BRStyle.h; path = Code/BRStyle.h; sourceTree = "<group>"; };
		C93ABE8B1B8BD0D400202CA9 /* Core.h */ = {isa = PBXFileReference; lastKnownFileType = sourcecode.c.h; name = Core.h; path = Code/Core.h; sourceTree = "<group>"; };
		C93ABE8C1B8BD1AC00202CA9 /* BRStyle.podspec */ = {isa = PBXFileReference; explicitFileType = text.script.ruby; name = BRStyle.podspec; path = /Volumes/Renton/Users/matt/Projects/iPhone/BRStyle/BRStyle.podspec; sourceTree = "<absolute>"; };
		C93ABE991B8BD3DB00202CA9 /* MobileCoreServices.framework */ = {isa = PBXFileReference; lastKnownFileType = wrapper.framework; name = MobileCoreServices.framework; path = System/Library/Frameworks/MobileCoreServices.framework; sourceTree = SDKROOT; };
		C93ABEEF1B8BFE0A00202CA9 /* UIBarButtonItem+BRUIStyle.h */ = {isa = PBXFileReference; fileEncoding = 4; lastKnownFileType = sourcecode.c.h; path = "UIBarButtonItem+BRUIStyle.h"; sourceTree = "<group>"; };
		C93ABEF01B8BFE0A00202CA9 /* UIBarButtonItem+BRUIStyle.m */ = {isa = PBXFileReference; fileEncoding = 4; lastKnownFileType = sourcecode.c.objc; path = "UIBarButtonItem+BRUIStyle.m"; sourceTree = "<group>"; };
		C93ABEF21B8C067000202CA9 /* NSObject+BRUIStyle.h */ = {isa = PBXFileReference; fileEncoding = 4; lastKnownFileType = sourcecode.c.h; path = "NSObject+BRUIStyle.h"; sourceTree = "<group>"; };
		C93ABEF31B8C067000202CA9 /* NSObject+BRUIStyle.m */ = {isa = PBXFileReference; fileEncoding = 4; lastKnownFileType = sourcecode.c.objc; path = "NSObject+BRUIStyle.m"; sourceTree = "<group>"; };
		C93ABEFA1B8C0F9100202CA9 /* UIBarButtonItem+BRUIStylishHost.h */ = {isa = PBXFileReference; fileEncoding = 4; lastKnownFileType = sourcecode.c.h; path = "UIBarButtonItem+BRUIStylishHost.h"; sourceTree = "<group>"; };
		C93ABEFB1B8C0F9100202CA9 /* UIBarButtonItem+BRUIStylishHost.m */ = {isa = PBXFileReference; fileEncoding = 4; lastKnownFileType = sourcecode.c.objc; path = "UIBarButtonItem+BRUIStylishHost.m"; sourceTree = "<group>"; };
		C93ABEFE1B8C14C400202CA9 /* UIToolbar+BRUIStylishHost.h */ = {isa = PBXFileReference; fileEncoding = 4; lastKnownFileType = sourcecode.c.h; path = "UIToolbar+BRUIStylishHost.h"; sourceTree = "<group>"; };
		C93ABEFF1B8C14C400202CA9 /* UIToolbar+BRUIStylishHost.m */ = {isa = PBXFileReference; fileEncoding = 4; lastKnownFileType = sourcecode.c.objc; path = "UIToolbar+BRUIStylishHost.m"; sourceTree = "<group>"; };
		C93ABF011B8C14C400202CA9 /* UINavigationBar+BRUIStylishHost.h */ = {isa = PBXFileReference; fileEncoding = 4; lastKnownFileType = sourcecode.c.h; path = "UINavigationBar+BRUIStylishHost.h"; sourceTree = "<group>"; };
		C93ABF021B8C14C400202CA9 /* UINavigationBar+BRUIStylishHost.m */ = {isa = PBXFileReference; fileEncoding = 4; lastKnownFileType = sourcecode.c.objc; path = "UINavigationBar+BRUIStylishHost.m"; sourceTree = "<group>"; };
		C93ABF071B8C169C00202CA9 /* UIButton+BRUIStylishHost.h */ = {isa = PBXFileReference; fileEncoding = 4; lastKnownFileType = sourcecode.c.h; path = "UIButton+BRUIStylishHost.h"; sourceTree = "<group>"; };
		C93ABF081B8C169C00202CA9 /* UIButton+BRUIStylishHost.m */ = {isa = PBXFileReference; fileEncoding = 4; lastKnownFileType = sourcecode.c.objc; path = "UIButton+BRUIStylishHost.m"; sourceTree = "<group>"; };
		C9C5D1251B8FB25900FAF431 /* UIFont+BRUIStyle.h */ = {isa = PBXFileReference; fileEncoding = 4; lastKnownFileType = sourcecode.c.h; path = "UIFont+BRUIStyle.h"; sourceTree = "<group>"; };
		C9C5D1261B8FB25900FAF431 /* UIFont+BRUIStyle.m */ = {isa = PBXFileReference; fileEncoding = 4; lastKnownFileType = sourcecode.c.objc; path = "UIFont+BRUIStyle.m"; sourceTree = "<group>"; };
		C9C5D1281B8FC25900FAF431 /* UIFont_BRUIStyleTests.m */ = {isa = PBXFileReference; fileEncoding = 4; lastKnownFileType = sourcecode.c.objc; path = UIFont_BRUIStyleTests.m; sourceTree = "<group>"; };
		C9DC16C11B8D11C300F5C6C3 /* BRUIStyleSettings.h */ = {isa = PBXFileReference; fileEncoding = 4; lastKnownFileType = sourcecode.c.h; path = BRUIStyleSettings.h; sourceTree = "<group>"; };
		C9DC16C21B8D11C300F5C6C3 /* BRUIStyleSettings.m */ = {isa = PBXFileReference; fileEncoding = 4; lastKnownFileType = sourcecode.c.objc; path = BRUIStyleSettings.m; sourceTree = "<group>"; };
		C9DC16C41B8D289F00F5C6C3 /* BRUIStylish.h */ = {isa = PBXFileReference; fileEncoding = 4; lastKnownFileType = sourcecode.c.h; path = BRUIStylish.h; sourceTree = "<group>"; };
		C9DC16C61B8D7CE500F5C6C3 /* BRUIStyleSettingsTests.m */ = {isa = PBXFileReference; fileEncoding = 4; lastKnownFileType = sourcecode.c.objc; path = BRUIStyleSettingsTests.m; sourceTree = "<group>"; };
		C9ED4FDA1BA22967000A50FD /* BRUIStyleObserverTests.m */ = {isa = PBXFileReference; fileEncoding = 4; lastKnownFileType = sourcecode.c.objc; path = BRUIStyleObserverTests.m; sourceTree = "<group>"; };
		CF096CDD98419257F1054C2D /* Pods-BRStyle.debug.xcconfig */ = {isa = PBXFileReference; includeInIndex = 1; lastKnownFileType = text.xcconfig; name = "Pods-BRStyle.debug.xcconfig"; path = "Pods/Target Support Files/Pods-BRStyle/Pods-BRStyle.debug.xcconfig"; sourceTree = "<group>"; };
		CF8520217BB38401BF8B86A7 /* libPods-BRStyle-BRStyleTests.a */ = {isa = PBXFileReference; explicitFileType = archive.ar; includeInIndex = 0; path = "libPods-BRStyle-BRStyleTests.a"; sourceTree = BUILT_PRODUCTS_DIR; };
		F87CB3C970C60CEAECF43A34 /* Pods-BRStyle.release.xcconfig */ = {isa = PBXFileReference; includeInIndex = 1; lastKnownFileType = text.xcconfig; name = "Pods-BRStyle.release.xcconfig"; path = "Pods/Target Support Files/Pods-BRStyle/Pods-BRStyle.release.xcconfig"; sourceTree = "<group>"; };
/* End PBXFileReference section */

/* Begin PBXFrameworksBuildPhase section */
		C93ABE4C1B8BC65100202CA9 /* Frameworks */ = {
			isa = PBXFrameworksBuildPhase;
			buildActionMask = 2147483647;
			files = (
			);
			runOnlyForDeploymentPostprocessing = 0;
		};
		C93ABE571B8BC65100202CA9 /* Frameworks */ = {
			isa = PBXFrameworksBuildPhase;
			buildActionMask = 2147483647;
			files = (
				C93ABE9B1B8BD41200202CA9 /* MobileCoreServices.framework in Frameworks */,
				C93ABE5B1B8BC65100202CA9 /* libBRStyle.a in Frameworks */,
				471FC8256573EAF93CECA129 /* libPods-BRStyle-BRStyleTests.a in Frameworks */,
			);
			runOnlyForDeploymentPostprocessing = 0;
		};
/* End PBXFrameworksBuildPhase section */

/* Begin PBXGroup section */
		284153AEA811BBDBD9C9B308 /* Pods */ = {
			isa = PBXGroup;
			children = (
				CF096CDD98419257F1054C2D /* Pods-BRStyle.debug.xcconfig */,
				F87CB3C970C60CEAECF43A34 /* Pods-BRStyle.release.xcconfig */,
				3E7F28E36B7AFD4CE81898FD /* Pods-BRStyle-BRStyleTests.debug.xcconfig */,
				A54C20481DC5313558E807D0 /* Pods-BRStyle-BRStyleTests.release.xcconfig */,
			);
			name = Pods;
			sourceTree = "<group>";
		};
		9F8FC08B083319EB8F9A80AA /* Frameworks */ = {
			isa = PBXGroup;
			children = (
				C93ABE991B8BD3DB00202CA9 /* MobileCoreServices.framework */,
				23359DD70EE4F0C6C9CF6DB5 /* libPods-BRStyle.a */,
				CF8520217BB38401BF8B86A7 /* libPods-BRStyle-BRStyleTests.a */,
			);
			name = Frameworks;
			sourceTree = "<group>";
		};
		C93ABE461B8BC65100202CA9 = {
			isa = PBXGroup;
			children = (
				C93ABE8D1B8BD1AF00202CA9 /* Packaging */,
				C93ABF051B8C14D000202CA9 /* Code */,
				C93ABE5E1B8BC65100202CA9 /* BRStyleTests */,
				C93ABE501B8BC65100202CA9 /* Products */,
				284153AEA811BBDBD9C9B308 /* Pods */,
				9F8FC08B083319EB8F9A80AA /* Frameworks */,
			);
			sourceTree = "<group>";
		};
		C93ABE501B8BC65100202CA9 /* Products */ = {
			isa = PBXGroup;
			children = (
				C93ABE4F1B8BC65100202CA9 /* libBRStyle.a */,
				C93ABE5A1B8BC65100202CA9 /* BRStyleTests.xctest */,
			);
			name = Products;
			sourceTree = "<group>";
		};
		C93ABE5E1B8BC65100202CA9 /* BRStyleTests */ = {
			isa = PBXGroup;
			children = (
				C9DC16C51B8D7CE500F5C6C3 /* Core */,
				C93ABE5F1B8BC65100202CA9 /* Supporting Files */,
			);
			path = BRStyleTests;
			sourceTree = "<group>";
		};
		C93ABE5F1B8BC65100202CA9 /* Supporting Files */ = {
			isa = PBXGroup;
			children = (
				C93ABE601B8BC65100202CA9 /* Info.plist */,
			);
			name = "Supporting Files";
			sourceTree = "<group>";
		};
		C93ABE771B8BCA1C00202CA9 /* Core */ = {
			isa = PBXGroup;
			children = (
				C93ABE781B8BCA1C00202CA9 /* BRUIStyle.h */,
				C93ABE791B8BCA1C00202CA9 /* BRUIStyle.m */,
				C93ABE7A1B8BCA1C00202CA9 /* BRUIStyleObserver.h */,
				C93ABE7B1B8BCA1C00202CA9 /* BRUIStyleObserver.m */,
				C9DC16C11B8D11C300F5C6C3 /* BRUIStyleSettings.h */,
				C9DC16C21B8D11C300F5C6C3 /* BRUIStyleSettings.m */,
				C9DC16C41B8D289F00F5C6C3 /* BRUIStylish.h */,
				C93ABE7C1B8BCA1C00202CA9 /* BRUIStylishHost.h */,
				C93ABEF21B8C067000202CA9 /* NSObject+BRUIStyle.h */,
				C93ABEF31B8C067000202CA9 /* NSObject+BRUIStyle.m */,
				C93ABEEF1B8BFE0A00202CA9 /* UIBarButtonItem+BRUIStyle.h */,
				C93ABEF01B8BFE0A00202CA9 /* UIBarButtonItem+BRUIStyle.m */,
				C9C5D1251B8FB25900FAF431 /* UIFont+BRUIStyle.h */,
				C9C5D1261B8FB25900FAF431 /* UIFont+BRUIStyle.m */,
				C93ABE7D1B8BCA1C00202CA9 /* UIView+BRUIStyle.h */,
				C93ABE7E1B8BCA1C00202CA9 /* UIView+BRUIStyle.m */,
				C93ABE7F1B8BCA1C00202CA9 /* UIViewController+BRUIStyle.h */,
				C93ABE801B8BCA1C00202CA9 /* UIViewController+BRUIStyle.m */,
			);
			name = Core;
			path = Code/Core;
			sourceTree = "<group>";
		};
		C93ABE8D1B8BD1AF00202CA9 /* Packaging */ = {
			isa = PBXGroup;
			children = (
				C93ABE8C1B8BD1AC00202CA9 /* BRStyle.podspec */,
				C93ABE891B8BD0D400202CA9 /* BRStyle.h */,
				C93ABE8B1B8BD0D400202CA9 /* Core.h */,
			);
			name = Packaging;
			sourceTree = "<group>";
		};
		C93ABEF91B8C0F9100202CA9 /* UIBarButtonItem */ = {
			isa = PBXGroup;
			children = (
				C93ABEFA1B8C0F9100202CA9 /* UIBarButtonItem+BRUIStylishHost.h */,
				C93ABEFB1B8C0F9100202CA9 /* UIBarButtonItem+BRUIStylishHost.m */,
			);
			name = UIBarButtonItem;
			path = Code/UIBarButtonItem;
			sourceTree = "<group>";
		};
		C93ABEFD1B8C14C400202CA9 /* UIToolbar */ = {
			isa = PBXGroup;
			children = (
				C93ABEFE1B8C14C400202CA9 /* UIToolbar+BRUIStylishHost.h */,
				C93ABEFF1B8C14C400202CA9 /* UIToolbar+BRUIStylishHost.m */,
			);
			name = UIToolbar;
			path = Code/UIToolbar;
			sourceTree = "<group>";
		};
		C93ABF001B8C14C400202CA9 /* UINavigationBar */ = {
			isa = PBXGroup;
			children = (
				C93ABF011B8C14C400202CA9 /* UINavigationBar+BRUIStylishHost.h */,
				C93ABF021B8C14C400202CA9 /* UINavigationBar+BRUIStylishHost.m */,
			);
			name = UINavigationBar;
			path = Code/UINavigationBar;
			sourceTree = "<group>";
		};
		C93ABF051B8C14D000202CA9 /* Code */ = {
			isa = PBXGroup;
			children = (
				C93ABE771B8BCA1C00202CA9 /* Core */,
				C93ABEF91B8C0F9100202CA9 /* UIBarButtonItem */,
				C93ABF061B8C169C00202CA9 /* UIButton */,
				C93ABF001B8C14C400202CA9 /* UINavigationBar */,
				C93ABEFD1B8C14C400202CA9 /* UIToolbar */,
			);
			name = Code;
			sourceTree = "<group>";
		};
		C93ABF061B8C169C00202CA9 /* UIButton */ = {
			isa = PBXGroup;
			children = (
				C93ABF071B8C169C00202CA9 /* UIButton+BRUIStylishHost.h */,
				C93ABF081B8C169C00202CA9 /* UIButton+BRUIStylishHost.m */,
			);
			name = UIButton;
			path = Code/UIButton;
			sourceTree = "<group>";
		};
		C9DC16C51B8D7CE500F5C6C3 /* Core */ = {
			isa = PBXGroup;
			children = (
				C91BBE3B1B8E9019008E5D60 /* BRUIStyleTests.m */,
				C9ED4FDA1BA22967000A50FD /* BRUIStyleObserverTests.m */,
				C9DC16C61B8D7CE500F5C6C3 /* BRUIStyleSettingsTests.m */,
				C9C5D1281B8FC25900FAF431 /* UIFont_BRUIStyleTests.m */,
				C91BBE3D1B8EA338008E5D60 /* style.json */,
			);
			path = Core;
			sourceTree = "<group>";
		};
/* End PBXGroup section */

/* Begin PBXNativeTarget section */
		C93ABE4E1B8BC65100202CA9 /* BRStyle */ = {
			isa = PBXNativeTarget;
			buildConfigurationList = C93ABE631B8BC65100202CA9 /* Build configuration list for PBXNativeTarget "BRStyle" */;
			buildPhases = (
				C93ABE4B1B8BC65100202CA9 /* Sources */,
				C93ABE4C1B8BC65100202CA9 /* Frameworks */,
				C93ABE4D1B8BC65100202CA9 /* CopyFiles */,
			);
			buildRules = (
			);
			dependencies = (
			);
			name = BRStyle;
			productName = BRStyle;
			productReference = C93ABE4F1B8BC65100202CA9 /* libBRStyle.a */;
			productType = "com.apple.product-type.library.static";
		};
		C93ABE591B8BC65100202CA9 /* BRStyleTests */ = {
			isa = PBXNativeTarget;
			buildConfigurationList = C93ABE661B8BC65100202CA9 /* Build configuration list for PBXNativeTarget "BRStyleTests" */;
			buildPhases = (
				ED92344B1DB21DAB1041E744 /* Check Pods Manifest.lock */,
				C93ABE561B8BC65100202CA9 /* Sources */,
				C93ABE571B8BC65100202CA9 /* Frameworks */,
				C93ABE581B8BC65100202CA9 /* Resources */,
				E58B342C8000DF86D0C71BD0 /* Copy Pods Resources */,
			);
			buildRules = (
			);
			dependencies = (
				C93ABE5D1B8BC65100202CA9 /* PBXTargetDependency */,
			);
			name = BRStyleTests;
			productName = BRStyleTests;
			productReference = C93ABE5A1B8BC65100202CA9 /* BRStyleTests.xctest */;
			productType = "com.apple.product-type.bundle.unit-test";
		};
/* End PBXNativeTarget section */

/* Begin PBXProject section */
		C93ABE471B8BC65100202CA9 /* Project object */ = {
			isa = PBXProject;
			attributes = {
				LastUpgradeCheck = 0700;
				ORGANIZATIONNAME = "Blue Rocket, Inc.";
				TargetAttributes = {
					C93ABE4E1B8BC65100202CA9 = {
						CreatedOnToolsVersion = 6.4;
					};
					C93ABE591B8BC65100202CA9 = {
						CreatedOnToolsVersion = 6.4;
					};
				};
			};
			buildConfigurationList = C93ABE4A1B8BC65100202CA9 /* Build configuration list for PBXProject "BRStyle" */;
			compatibilityVersion = "Xcode 3.2";
			developmentRegion = English;
			hasScannedForEncodings = 0;
			knownRegions = (
				en,
			);
			mainGroup = C93ABE461B8BC65100202CA9;
			productRefGroup = C93ABE501B8BC65100202CA9 /* Products */;
			projectDirPath = "";
			projectRoot = "";
			targets = (
				C93ABE4E1B8BC65100202CA9 /* BRStyle */,
				C93ABE591B8BC65100202CA9 /* BRStyleTests */,
			);
		};
/* End PBXProject section */

/* Begin PBXResourcesBuildPhase section */
		C93ABE581B8BC65100202CA9 /* Resources */ = {
			isa = PBXResourcesBuildPhase;
			buildActionMask = 2147483647;
			files = (
				C91BBE3E1B8EA338008E5D60 /* style.json in Resources */,
			);
			runOnlyForDeploymentPostprocessing = 0;
		};
/* End PBXResourcesBuildPhase section */

/* Begin PBXShellScriptBuildPhase section */
		E58B342C8000DF86D0C71BD0 /* Copy Pods Resources */ = {
			isa = PBXShellScriptBuildPhase;
			buildActionMask = 2147483647;
			files = (
			);
			inputPaths = (
			);
			name = "Copy Pods Resources";
			outputPaths = (
			);
			runOnlyForDeploymentPostprocessing = 0;
			shellPath = /bin/sh;
			shellScript = "\"${SRCROOT}/Pods/Target Support Files/Pods-BRStyle-BRStyleTests/Pods-BRStyle-BRStyleTests-resources.sh\"\n";
			showEnvVarsInLog = 0;
		};
		ED92344B1DB21DAB1041E744 /* Check Pods Manifest.lock */ = {
			isa = PBXShellScriptBuildPhase;
			buildActionMask = 2147483647;
			files = (
			);
			inputPaths = (
			);
			name = "Check Pods Manifest.lock";
			outputPaths = (
			);
			runOnlyForDeploymentPostprocessing = 0;
			shellPath = /bin/sh;
			shellScript = "diff \"${PODS_ROOT}/../Podfile.lock\" \"${PODS_ROOT}/Manifest.lock\" > /dev/null\nif [[ $? != 0 ]] ; then\n    cat << EOM\nerror: The sandbox is not in sync with the Podfile.lock. Run 'pod install' or update your CocoaPods installation.\nEOM\n    exit 1\nfi\n";
			showEnvVarsInLog = 0;
		};
/* End PBXShellScriptBuildPhase section */

/* Begin PBXSourcesBuildPhase section */
		C93ABE4B1B8BC65100202CA9 /* Sources */ = {
			isa = PBXSourcesBuildPhase;
			buildActionMask = 2147483647;
			files = (
				C9C5D1271B8FB25900FAF431 /* UIFont+BRUIStyle.m in Sources */,
				C93ABE831B8BCA1C00202CA9 /* UIView+BRUIStyle.m in Sources */,
				C93ABF041B8C14C400202CA9 /* UINavigationBar+BRUIStylishHost.m in Sources */,
				C9DC16C31B8D11C300F5C6C3 /* BRUIStyleSettings.m in Sources */,
				C93ABE811B8BCA1C00202CA9 /* BRUIStyle.m in Sources */,
				C93ABEF11B8BFE0A00202CA9 /* UIBarButtonItem+BRUIStyle.m in Sources */,
				C93ABF031B8C14C400202CA9 /* UIToolbar+BRUIStylishHost.m in Sources */,
				C93ABE841B8BCA1C00202CA9 /* UIViewController+BRUIStyle.m in Sources */,
				C93ABE821B8BCA1C00202CA9 /* BRUIStyleObserver.m in Sources */,
				C93ABF091B8C169C00202CA9 /* UIButton+BRUIStylishHost.m in Sources */,
				C93ABEF41B8C067000202CA9 /* NSObject+BRUIStyle.m in Sources */,
				C93ABEFC1B8C0F9100202CA9 /* UIBarButtonItem+BRUIStylishHost.m in Sources */,
			);
			runOnlyForDeploymentPostprocessing = 0;
		};
		C93ABE561B8BC65100202CA9 /* Sources */ = {
			isa = PBXSourcesBuildPhase;
			buildActionMask = 2147483647;
			files = (
				C9DC16C71B8D7CE500F5C6C3 /* BRUIStyleSettingsTests.m in Sources */,
				C9ED4FDB1BA22967000A50FD /* BRUIStyleObserverTests.m in Sources */,
				C9C5D1291B8FC25900FAF431 /* UIFont_BRUIStyleTests.m in Sources */,
				C91BBE3C1B8E9019008E5D60 /* BRUIStyleTests.m in Sources */,
			);
			runOnlyForDeploymentPostprocessing = 0;
		};
/* End PBXSourcesBuildPhase section */

/* Begin PBXTargetDependency section */
		C93ABE5D1B8BC65100202CA9 /* PBXTargetDependency */ = {
			isa = PBXTargetDependency;
			target = C93ABE4E1B8BC65100202CA9 /* BRStyle */;
			targetProxy = C93ABE5C1B8BC65100202CA9 /* PBXContainerItemProxy */;
		};
/* End PBXTargetDependency section */

/* Begin XCBuildConfiguration section */
		C93ABE611B8BC65100202CA9 /* Debug */ = {
			isa = XCBuildConfiguration;
			buildSettings = {
				ALWAYS_SEARCH_USER_PATHS = NO;
				CLANG_CXX_LANGUAGE_STANDARD = "gnu++0x";
				CLANG_CXX_LIBRARY = "libc++";
				CLANG_ENABLE_MODULES = YES;
				CLANG_ENABLE_OBJC_ARC = YES;
				CLANG_WARN_BOOL_CONVERSION = YES;
				CLANG_WARN_CONSTANT_CONVERSION = YES;
				CLANG_WARN_DIRECT_OBJC_ISA_USAGE = YES_ERROR;
				CLANG_WARN_EMPTY_BODY = YES;
				CLANG_WARN_ENUM_CONVERSION = YES;
				CLANG_WARN_INT_CONVERSION = YES;
				CLANG_WARN_OBJC_ROOT_CLASS = YES_ERROR;
				CLANG_WARN_UNREACHABLE_CODE = YES;
				CLANG_WARN__DUPLICATE_METHOD_MATCH = YES;
				COPY_PHASE_STRIP = NO;
				DEBUG_INFORMATION_FORMAT = "dwarf-with-dsym";
				ENABLE_STRICT_OBJC_MSGSEND = YES;
				ENABLE_TESTABILITY = YES;
				GCC_C_LANGUAGE_STANDARD = gnu99;
				GCC_DYNAMIC_NO_PIC = NO;
				GCC_NO_COMMON_BLOCKS = YES;
				GCC_OPTIMIZATION_LEVEL = 0;
				GCC_PREPROCESSOR_DEFINITIONS = (
					"DEBUG=1",
					"$(inherited)",
				);
				GCC_SYMBOLS_PRIVATE_EXTERN = NO;
				GCC_WARN_64_TO_32_BIT_CONVERSION = YES;
				GCC_WARN_ABOUT_RETURN_TYPE = YES_ERROR;
				GCC_WARN_UNDECLARED_SELECTOR = YES;
				GCC_WARN_UNINITIALIZED_AUTOS = YES_AGGRESSIVE;
				GCC_WARN_UNUSED_FUNCTION = YES;
				GCC_WARN_UNUSED_VARIABLE = YES;
				IPHONEOS_DEPLOYMENT_TARGET = 7.1;
				MTL_ENABLE_DEBUG_INFO = YES;
				ONLY_ACTIVE_ARCH = YES;
				SDKROOT = iphoneos;
			};
			name = Debug;
		};
		C93ABE621B8BC65100202CA9 /* Release */ = {
			isa = XCBuildConfiguration;
			buildSettings = {
				ALWAYS_SEARCH_USER_PATHS = NO;
				CLANG_CXX_LANGUAGE_STANDARD = "gnu++0x";
				CLANG_CXX_LIBRARY = "libc++";
				CLANG_ENABLE_MODULES = YES;
				CLANG_ENABLE_OBJC_ARC = YES;
				CLANG_WARN_BOOL_CONVERSION = YES;
				CLANG_WARN_CONSTANT_CONVERSION = YES;
				CLANG_WARN_DIRECT_OBJC_ISA_USAGE = YES_ERROR;
				CLANG_WARN_EMPTY_BODY = YES;
				CLANG_WARN_ENUM_CONVERSION = YES;
				CLANG_WARN_INT_CONVERSION = YES;
				CLANG_WARN_OBJC_ROOT_CLASS = YES_ERROR;
				CLANG_WARN_UNREACHABLE_CODE = YES;
				CLANG_WARN__DUPLICATE_METHOD_MATCH = YES;
				COPY_PHASE_STRIP = NO;
				DEBUG_INFORMATION_FORMAT = "dwarf-with-dsym";
				ENABLE_NS_ASSERTIONS = NO;
				ENABLE_STRICT_OBJC_MSGSEND = YES;
				GCC_C_LANGUAGE_STANDARD = gnu99;
				GCC_NO_COMMON_BLOCKS = YES;
				GCC_WARN_64_TO_32_BIT_CONVERSION = YES;
				GCC_WARN_ABOUT_RETURN_TYPE = YES_ERROR;
				GCC_WARN_UNDECLARED_SELECTOR = YES;
				GCC_WARN_UNINITIALIZED_AUTOS = YES_AGGRESSIVE;
				GCC_WARN_UNUSED_FUNCTION = YES;
				GCC_WARN_UNUSED_VARIABLE = YES;
				IPHONEOS_DEPLOYMENT_TARGET = 7.1;
				MTL_ENABLE_DEBUG_INFO = NO;
				SDKROOT = iphoneos;
				VALIDATE_PRODUCT = YES;
			};
			name = Release;
		};
		C93ABE641B8BC65100202CA9 /* Debug */ = {
			isa = XCBuildConfiguration;
			buildSettings = {
				PRODUCT_NAME = "$(TARGET_NAME)";
				SKIP_INSTALL = YES;
			};
			name = Debug;
		};
		C93ABE651B8BC65100202CA9 /* Release */ = {
			isa = XCBuildConfiguration;
			buildSettings = {
				PRODUCT_NAME = "$(TARGET_NAME)";
				SKIP_INSTALL = YES;
			};
			name = Release;
		};
		C93ABE671B8BC65100202CA9 /* Debug */ = {
			isa = XCBuildConfiguration;
			baseConfigurationReference = 3E7F28E36B7AFD4CE81898FD /* Pods-BRStyle-BRStyleTests.debug.xcconfig */;
			buildSettings = {
				"CODE_SIGN_IDENTITY[sdk=iphoneos*]" = "iPhone Developer";
				FRAMEWORK_SEARCH_PATHS = (
					"$(SDKROOT)/Developer/Library/Frameworks",
					"$(inherited)",
				);
				GCC_PREPROCESSOR_DEFINITIONS = (
					"DEBUG=1",
					"$(inherited)",
				);
				INFOPLIST_FILE = BRStyleTests/Info.plist;
				LD_RUNPATH_SEARCH_PATHS = "$(inherited) @executable_path/Frameworks @loader_path/Frameworks";
				PRODUCT_BUNDLE_IDENTIFIER = "us.bluerocket.$(PRODUCT_NAME:rfc1034identifier)";
				PRODUCT_NAME = "$(TARGET_NAME)";
			};
			name = Debug;
		};
		C93ABE681B8BC65100202CA9 /* Release */ = {
			isa = XCBuildConfiguration;
			baseConfigurationReference = A54C20481DC5313558E807D0 /* Pods-BRStyle-BRStyleTests.release.xcconfig */;
			buildSettings = {
				"CODE_SIGN_IDENTITY[sdk=iphoneos*]" = "iPhone Developer";
				FRAMEWORK_SEARCH_PATHS = (
					"$(SDKROOT)/Developer/Library/Frameworks",
					"$(inherited)",
				);
				INFOPLIST_FILE = BRStyleTests/Info.plist;
				LD_RUNPATH_SEARCH_PATHS = "$(inherited) @executable_path/Frameworks @loader_path/Frameworks";
				PRODUCT_BUNDLE_IDENTIFIER = "us.bluerocket.$(PRODUCT_NAME:rfc1034identifier)";
				PRODUCT_NAME = "$(TARGET_NAME)";
			};
			name = Release;
		};
/* End XCBuildConfiguration section */

/* Begin XCConfigurationList section */
		C93ABE4A1B8BC65100202CA9 /* Build configuration list for PBXProject "BRStyle" */ = {
			isa = XCConfigurationList;
			buildConfigurations = (
				C93ABE611B8BC65100202CA9 /* Debug */,
				C93ABE621B8BC65100202CA9 /* Release */,
			);
			defaultConfigurationIsVisible = 0;
			defaultConfigurationName = Release;
		};
		C93ABE631B8BC65100202CA9 /* Build configuration list for PBXNativeTarget "BRStyle" */ = {
			isa = XCConfigurationList;
			buildConfigurations = (
				C93ABE641B8BC65100202CA9 /* Debug */,
				C93ABE651B8BC65100202CA9 /* Release */,
			);
			defaultConfigurationIsVisible = 0;
			defaultConfigurationName = Release;
		};
		C93ABE661B8BC65100202CA9 /* Build configuration list for PBXNativeTarget "BRStyleTests" */ = {
			isa = XCConfigurationList;
			buildConfigurations = (
				C93ABE671B8BC65100202CA9 /* Debug */,
				C93ABE681B8BC65100202CA9 /* Release */,
			);
			defaultConfigurationIsVisible = 0;
			defaultConfigurationName = Release;
		};
/* End XCConfigurationList section */
	};
	rootObject = C93ABE471B8BC65100202CA9 /* Project object */;
}
